
Microsoft Visual Studio Solution File, Format Version 12.00
# Visual Studio Version 16
VisualStudioVersion = 16.0.29613.14
MinimumVisualStudioVersion = 10.0.40219.1
Project("{FAE04EC0-301F-11D3-BF4B-00C04F79EFBC}") = "Collective_Farm-Admin", "Collective_Farm-Admin.csproj", "{6FFFD58F-2AD3-40C2-BEA0-90A0D24F0399}"
EndProject
Global
	GlobalSection(SolutionConfigurationPlatforms) = preSolution
		Debug|Any CPU = Debug|Any CPU
		Release|Any CPU = Release|Any CPU
	EndGlobalSection
	GlobalSection(ProjectConfigurationPlatforms) = postSolution
		{6FFFD58F-2AD3-40C2-BEA0-90A0D24F0399}.Debug|Any CPU.ActiveCfg = Debug|Any CPU
		{6FFFD58F-2AD3-40C2-BEA0-90A0D24F0399}.Debug|Any CPU.Build.0 = Debug|Any CPU
		{6FFFD58F-2AD3-40C2-BEA0-90A0D24F0399}.Release|Any CPU.ActiveCfg = Release|Any CPU
		{6FFFD58F-2AD3-40C2-BEA0-90A0D24F0399}.Release|Any CPU.Build.0 = Release|Any CPU
	EndGlobalSection
	GlobalSection(SolutionProperties) = preSolution
		HideSolutionNode = FALSE
	EndGlobalSection
	GlobalSection(ExtensibilityGlobals) = postSolution
		SolutionGuid = {DC1863C7-CE5B-44ED-A231-608CFB94409B}
	EndGlobalSection
EndGlobal
